// !$*UTF8*$!
{
	archiveVersion = 1;
	classes = {
	};
	objectVersion = 50;
	objects = {

/* Begin PBXBuildFile section */
		CC072598230F689C0030EE60 /* AppDelegate.swift in Sources */ = {isa = PBXBuildFile; fileRef = CC072597230F689C0030EE60 /* AppDelegate.swift */; };
		CC07259D230F689C0030EE60 /* Main.storyboard in Resources */ = {isa = PBXBuildFile; fileRef = CC07259B230F689C0030EE60 /* Main.storyboard */; };
		CC07259F230F689E0030EE60 /* Assets.xcassets in Resources */ = {isa = PBXBuildFile; fileRef = CC07259E230F689E0030EE60 /* Assets.xcassets */; };
		CC0725A2230F689E0030EE60 /* LaunchScreen.storyboard in Resources */ = {isa = PBXBuildFile; fileRef = CC0725A0230F689E0030EE60 /* LaunchScreen.storyboard */; };
		CC0AE97D230F713900AC81AE /* WelcomeViewController.swift in Sources */ = {isa = PBXBuildFile; fileRef = CC0AE97C230F713900AC81AE /* WelcomeViewController.swift */; };
/* End PBXBuildFile section */

/* Begin PBXFileReference section */
		CC072594230F689C0030EE60 /* ChatChat.app */ = {isa = PBXFileReference; explicitFileType = wrapper.application; includeInIndex = 0; path = ChatChat.app; sourceTree = BUILT_PRODUCTS_DIR; };
		CC072597230F689C0030EE60 /* AppDelegate.swift */ = {isa = PBXFileReference; lastKnownFileType = sourcecode.swift; path = AppDelegate.swift; sourceTree = "<group>"; };
		CC07259C230F689C0030EE60 /* Base */ = {isa = PBXFileReference; lastKnownFileType = file.storyboard; name = Base; path = Base.lproj/Main.storyboard; sourceTree = "<group>"; };
		CC07259E230F689E0030EE60 /* Assets.xcassets */ = {isa = PBXFileReference; lastKnownFileType = folder.assetcatalog; path = Assets.xcassets; sourceTree = "<group>"; };
		CC0725A1230F689E0030EE60 /* Base */ = {isa = PBXFileReference; lastKnownFileType = file.storyboard; name = Base; path = Base.lproj/LaunchScreen.storyboard; sourceTree = "<group>"; };
		CC0725A3230F689E0030EE60 /* Info.plist */ = {isa = PBXFileReference; lastKnownFileType = text.plist.xml; path = Info.plist; sourceTree = "<group>"; };
		CC0AE97C230F713900AC81AE /* WelcomeViewController.swift */ = {isa = PBXFileReference; lastKnownFileType = sourcecode.swift; path = WelcomeViewController.swift; sourceTree = "<group>"; };
/* End PBXFileReference section */

/* Begin PBXFrameworksBuildPhase section */
		CC072591230F689C0030EE60 /* Frameworks */ = {
			isa = PBXFrameworksBuildPhase;
			buildActionMask = 2147483647;
			files = (
			);
			runOnlyForDeploymentPostprocessing = 0;
		};
/* End PBXFrameworksBuildPhase section */

/* Begin PBXGroup section */
		CC07258B230F689C0030EE60 = {
			isa = PBXGroup;
			children = (
				CC072596230F689C0030EE60 /* ChatChat */,
				CC072595230F689C0030EE60 /* Products */,
			);
			sourceTree = "<group>";
		};
		CC072595230F689C0030EE60 /* Products */ = {
			isa = PBXGroup;
			children = (
				CC072594230F689C0030EE60 /* ChatChat.app */,
			);
			name = Products;
			sourceTree = "<group>";
		};
		CC072596230F689C0030EE60 /* ChatChat */ = {
			isa = PBXGroup;
			children = (
				CC072597230F689C0030EE60 /* AppDelegate.swift */,
				CC0AE97C230F713900AC81AE /* WelcomeViewController.swift */,
				CC07259B230F689C0030EE60 /* Main.storyboard */,
				CC07259E230F689E0030EE60 /* Assets.xcassets */,
				CC0725A0230F689E0030EE60 /* LaunchScreen.storyboard */,
				CC0725A3230F689E0030EE60 /* Info.plist */,
			);
			path = ChatChat;
			sourceTree = "<group>";
		};
/* End PBXGroup section */

/* Begin PBXNativeTarget section */
		CC072593230F689C0030EE60 /* ChatChat */ = {
			isa = PBXNativeTarget;
			buildConfigurationList = CC0725A6230F689E0030EE60 /* Build configuration list for PBXNativeTarget "ChatChat" */;
			buildPhases = (
				CC072590230F689C0030EE60 /* Sources */,
				CC072591230F689C0030EE60 /* Frameworks */,
				CC072592230F689C0030EE60 /* Resources */,
			);
			buildRules = (
			);
			dependencies = (
			);
			name = ChatChat;
			productName = ChatChat;
			productReference = CC072594230F689C0030EE60 /* ChatChat.app */;
			productType = "com.apple.product-type.application";
		};
/* End PBXNativeTarget section */

/* Begin PBXProject section */
		CC07258C230F689C0030EE60 /* Project object */ = {
			isa = PBXProject;
			attributes = {
				LastSwiftUpdateCheck = 1030;
				LastUpgradeCheck = 1030;
				ORGANIZATIONNAME = qinyuanzhang.com;
				TargetAttributes = {
					CC072593230F689C0030EE60 = {
						CreatedOnToolsVersion = 10.3;
					};
				};
			};
			buildConfigurationList = CC07258F230F689C0030EE60 /* Build configuration list for PBXProject "ChatChat" */;
			compatibilityVersion = "Xcode 9.3";
			developmentRegion = en;
			hasScannedForEncodings = 0;
			knownRegions = (
				en,
				Base,
			);
			mainGroup = CC07258B230F689C0030EE60;
			productRefGroup = CC072595230F689C0030EE60 /* Products */;
			projectDirPath = "";
			projectRoot = "";
			targets = (
				CC072593230F689C0030EE60 /* ChatChat */,
			);
		};
/* End PBXProject section */

/* Begin PBXResourcesBuildPhase section */
		CC072592230F689C0030EE60 /* Resources */ = {
			isa = PBXResourcesBuildPhase;
			buildActionMask = 2147483647;
			files = (
				CC0725A2230F689E0030EE60 /* LaunchScreen.storyboard in Resources */,
				CC07259F230F689E0030EE60 /* Assets.xcassets in Resources */,
				CC07259D230F689C0030EE60 /* Main.storyboard in Resources */,
			);
			runOnlyForDeploymentPostprocessing = 0;
		};
/* End PBXResourcesBuildPhase section */

/* Begin PBXSourcesBuildPhase section */
		CC072590230F689C0030EE60 /* Sources */ = {
			isa = PBXSourcesBuildPhase;
			buildActionMask = 2147483647;
			files = (
				CC072598230F689C0030EE60 /* AppDelegate.swift in Sources */,
				CC0AE97D230F713900AC81AE /* WelcomeViewController.swift in Sources */,
			);
			runOnlyForDeploymentPostprocessing = 0;
		};
/* End PBXSourcesBuildPhase section */

/* Begin PBXVariantGroup section */
		CC07259B230F689C0030EE60 /* Main.storyboard */ = {
			isa = PBXVariantGroup;
			children = (
				CC07259C230F689C0030EE60 /* Base */,
			);
			name = Main.storyboard;
			sourceTree = "<group>";
		};
		CC0725A0230F689E0030EE60 /* LaunchScreen.storyboard */ = {
			isa = PBXVariantGroup;
			children = (
				CC0725A1230F689E0030EE60 /* Base */,
			);
			name = LaunchScreen.storyboard;
			sourceTree = "<group>";
		};
/* End PBXVariantGroup section */

/* Begin XCBuildConfiguration section */
		CC0725A4230F689E0030EE60 /* Debug */ = {
			isa = XCBuildConfiguration;
			buildSettings = {
				ALWAYS_SEARCH_USER_PATHS = NO;
				CLANG_ANALYZER_NONNULL = YES;
				CLANG_ANALYZER_NUMBER_OBJECT_CONVERSION = YES_AGGRESSIVE;
				CLANG_CXX_LANGUAGE_STANDARD = "gnu++14";
				CLANG_CXX_LIBRARY = "libc++";
				CLANG_ENABLE_MODULES = YES;
				CLANG_ENABLE_OBJC_ARC = YES;
				CLANG_ENABLE_OBJC_WEAK = YES;
				CLANG_WARN_BLOCK_CAPTURE_AUTORELEASING = YES;
				CLANG_WARN_BOOL_CONVERSION = YES;
				CLANG_WARN_COMMA = YES;
				CLANG_WARN_CONSTANT_CONVERSION = YES;
				CLANG_WARN_DEPRECATED_OBJC_IMPLEMENTATIONS = YES;
				CLANG_WARN_DIRECT_OBJC_ISA_USAGE = YES_ERROR;
				CLANG_WARN_DOCUMENTATION_COMMENTS = YES;
				CLANG_WARN_EMPTY_BODY = YES;
				CLANG_WARN_ENUM_CONVERSION = YES;
				CLANG_WARN_INFINITE_RECURSION = YES;
				CLANG_WARN_INT_CONVERSION = YES;
				CLANG_WARN_NON_LITERAL_NULL_CONVERSION = YES;
				CLANG_WARN_OBJC_IMPLICIT_RETAIN_SELF = YES;
				CLANG_WARN_OBJC_LITERAL_CONVERSION = YES;
				CLANG_WARN_OBJC_ROOT_CLASS = YES_ERROR;
				CLANG_WARN_RANGE_LOOP_ANALYSIS = YES;
				CLANG_WARN_STRICT_PROTOTYPES = YES;
				CLANG_WARN_SUSPICIOUS_MOVE = YES;
				CLANG_WARN_UNGUARDED_AVAILABILITY = YES_AGGRESSIVE;
				CLANG_WARN_UNREACHABLE_CODE = YES;
				CLANG_WARN__DUPLICATE_METHOD_MATCH = YES;
				CODE_SIGN_IDENTITY = "iPhone Developer";
				COPY_PHASE_STRIP = NO;
				DEBUG_INFORMATION_FORMAT = dwarf;
				ENABLE_STRICT_OBJC_MSGSEND = YES;
				ENABLE_TESTABILITY = YES;
				GCC_C_LANGUAGE_STANDARD = gnu11;
				GCC_DYNAMIC_NO_PIC = NO;
				GCC_NO_COMMON_BLOCKS = YES;
				GCC_OPTIMIZATION_LEVEL = 0;
				GCC_PREPROCESSOR_DEFINITIONS = (
					"DEBUG=1",
					"$(inherited)",
				);
				GCC_WARN_64_TO_32_BIT_CONVERSION = YES;
				GCC_WARN_ABOUT_RETURN_TYPE = YES_ERROR;
				GCC_WARN_UNDECLARED_SELECTOR = YES;
				GCC_WARN_UNINITIALIZED_AUTOS = YES_AGGRESSIVE;
				GCC_WARN_UNUSED_FUNCTION = YES;
				GCC_WARN_UNUSED_VARIABLE = YES;
				IPHONEOS_DEPLOYMENT_TARGET = 12.4;
				MTL_ENABLE_DEBUG_INFO = INCLUDE_SOURCE;
				MTL_FAST_MATH = YES;
				ONLY_ACTIVE_ARCH = YES;
				SDKROOT = iphoneos;
				SWIFT_ACTIVE_COMPILATION_CONDITIONS = DEBUG;
				SWIFT_OPTIMIZATION_LEVEL = "-Onone";
			};
			name = Debug;
		};
		CC0725A5230F689E0030EE60 /* Release */ = {
			isa = XCBuildConfiguration;
			buildSettings = {
				ALWAYS_SEARCH_USER_PATHS = NO;
				CLANG_ANALYZER_NONNULL = YES;
				CLANG_ANALYZER_NUMBER_OBJECT_CONVERSION = YES_AGGRESSIVE;
				CLANG_CXX_LANGUAGE_STANDARD = "gnu++14";
				CLANG_CXX_LIBRARY = "libc++";
				CLANG_ENABLE_MODULES = YES;
				CLANG_ENABLE_OBJC_ARC = YES;
				CLANG_ENABLE_OBJC_WEAK = YES;
				CLANG_WARN_BLOCK_CAPTURE_AUTORELEASING = YES;
				CLANG_WARN_BOOL_CONVERSION = YES;
				CLANG_WARN_COMMA = YES;
				CLANG_WARN_CONSTANT_CONVERSION = YES;
				CLANG_WARN_DEPRECATED_OBJC_IMPLEMENTATIONS = YES;
				CLANG_WARN_DIRECT_OBJC_ISA_USAGE = YES_ERROR;
				CLANG_WARN_DOCUMENTATION_COMMENTS = YES;
				CLANG_WARN_EMPTY_BODY = YES;
				CLANG_WARN_ENUM_CONVERSION = YES;
				CLANG_WARN_INFINITE_RECURSION = YES;
				CLANG_WARN_INT_CONVERSION = YES;
				CLANG_WARN_NON_LITERAL_NULL_CONVERSION = YES;
				CLANG_WARN_OBJC_IMPLICIT_RETAIN_SELF = YES;
				CLANG_WARN_OBJC_LITERAL_CONVERSION = YES;
				CLANG_WARN_OBJC_ROOT_CLASS = YES_ERROR;
				CLANG_WARN_RANGE_LOOP_ANALYSIS = YES;
				CLANG_WARN_STRICT_PROTOTYPES = YES;
				CLANG_WARN_SUSPICIOUS_MOVE = YES;
				CLANG_WARN_UNGUARDED_AVAILABILITY = YES_AGGRESSIVE;
				CLANG_WARN_UNREACHABLE_CODE = YES;
				CLANG_WARN__DUPLICATE_METHOD_MATCH = YES;
				CODE_SIGN_IDENTITY = "iPhone Developer";
				COPY_PHASE_STRIP = NO;
				DEBUG_INFORMATION_FORMAT = "dwarf-with-dsym";
				ENABLE_NS_ASSERTIONS = NO;
				ENABLE_STRICT_OBJC_MSGSEND = YES;
				GCC_C_LANGUAGE_STANDARD = gnu11;
				GCC_NO_COMMON_BLOCKS = YES;
				GCC_WARN_64_TO_32_BIT_CONVERSION = YES;
				GCC_WARN_ABOUT_RETURN_TYPE = YES_ERROR;
				GCC_WARN_UNDECLARED_SELECTOR = YES;
				GCC_WARN_UNINITIALIZED_AUTOS = YES_AGGRESSIVE;
				GCC_WARN_UNUSED_FUNCTION = YES;
				GCC_WARN_UNUSED_VARIABLE = YES;
				IPHONEOS_DEPLOYMENT_TARGET = 12.4;
				MTL_ENABLE_DEBUG_INFO = NO;
				MTL_FAST_MATH = YES;
				SDKROOT = iphoneos;
				SWIFT_COMPILATION_MODE = wholemodule;
				SWIFT_OPTIMIZATION_LEVEL = "-O";
				VALIDATE_PRODUCT = YES;
			};
			name = Release;
		};
		CC0725A7230F689E0030EE60 /* Debug */ = {
			isa = XCBuildConfiguration;
			buildSettings = {
				ASSETCATALOG_COMPILER_APPICON_NAME = AppIcon;
				CODE_SIGN_STYLE = Automatic;
				DEVELOPMENT_TEAM = UXNAG9C7YT;
				INFOPLIST_FILE = ChatChat/Info.plist;
				LD_RUNPATH_SEARCH_PATHS = (
					"$(inherited)",
					"@executable_path/Frameworks",
				);
				PRODUCT_BUNDLE_IDENTIFIER = qinyuanzhang.com.ChatChat;
				PRODUCT_NAME = "$(TARGET_NAME)";
				SWIFT_VERSION = 5.0;
				TARGETED_DEVICE_FAMILY = "1,2";
			};
			name = Debug;
		};
		CC0725A8230F689E0030EE60 /* Release */ = {
			isa = XCBuildConfiguration;
			buildSettings = {
				ASSETCATALOG_COMPILER_APPICON_NAME = AppIcon;
				CODE_SIGN_STYLE = Automatic;
				DEVELOPMENT_TEAM = UXNAG9C7YT;
				INFOPLIST_FILE = ChatChat/Info.plist;
				LD_RUNPATH_SEARCH_PATHS = (
					"$(inherited)",
					"@executable_path/Frameworks",
				);
				PRODUCT_BUNDLE_IDENTIFIER = qinyuanzhang.com.ChatChat;
				PRODUCT_NAME = "$(TARGET_NAME)";
				SWIFT_VERSION = 5.0;
				TARGETED_DEVICE_FAMILY = "1,2";
			};
			name = Release;
		};
/* End XCBuildConfiguration section */

/* Begin XCConfigurationList section */
		CC07258F230F689C0030EE60 /* Build configuration list for PBXProject "ChatChat" */ = {
			isa = XCConfigurationList;
			buildConfigurations = (
				CC0725A4230F689E0030EE60 /* Debug */,
				CC0725A5230F689E0030EE60 /* Release */,
			);
			defaultConfigurationIsVisible = 0;
			defaultConfigurationName = Release;
		};
		CC0725A6230F689E0030EE60 /* Build configuration list for PBXNativeTarget "ChatChat" */ = {
			isa = XCConfigurationList;
			buildConfigurations = (
				CC0725A7230F689E0030EE60 /* Debug */,
				CC0725A8230F689E0030EE60 /* Release */,
			);
			defaultConfigurationIsVisible = 0;
			defaultConfigurationName = Release;
		};
/* End XCConfigurationList section */
	};
	rootObject = CC07258C230F689C0030EE60 /* Project object */;
}
